
Microsoft Visual Studio Solution File, Format Version 12.00
# Visual Studio Version 16
VisualStudioVersion = 16.0.29613.14
MinimumVisualStudioVersion = 10.0.40219.1
Project("{FAE04EC0-301F-11D3-BF4B-00C04F79EFBC}") = "Fire_and_Forget", "Fire_and_Forget\Fire_and_Forget.csproj", "{2A2D454E-2243-4A4D-A8B5-D29239B554F1}"
EndProject
Project("{FAE04EC0-301F-11D3-BF4B-00C04F79EFBC}") = "LibraryTask", "LibraryTask\LibraryTask.csproj", "{C4BE526A-727B-4AB5-9DC0-2B42FDC234F1}"
EndProject
Global
	GlobalSection(SolutionConfigurationPlatforms) = preSolution
		Debug|Any CPU = Debug|Any CPU
		Release|Any CPU = Release|Any CPU
	EndGlobalSection
	GlobalSection(ProjectConfigurationPlatforms) = postSolution
		{2A2D454E-2243-4A4D-A8B5-D29239B554F1}.Debug|Any CPU.ActiveCfg = Debug|Any CPU
		{2A2D454E-2243-4A4D-A8B5-D29239B554F1}.Debug|Any CPU.Build.0 = Debug|Any CPU
		{2A2D454E-2243-4A4D-A8B5-D29239B554F1}.Release|Any CPU.ActiveCfg = Release|Any CPU
		{2A2D454E-2243-4A4D-A8B5-D29239B554F1}.Release|Any CPU.Build.0 = Release|Any CPU
		{C4BE526A-727B-4AB5-9DC0-2B42FDC234F1}.Debug|Any CPU.ActiveCfg = Debug|Any CPU
		{C4BE526A-727B-4AB5-9DC0-2B42FDC234F1}.Debug|Any CPU.Build.0 = Debug|Any CPU
		{C4BE526A-727B-4AB5-9DC0-2B42FDC234F1}.Release|Any CPU.ActiveCfg = Release|Any CPU
		{C4BE526A-727B-4AB5-9DC0-2B42FDC234F1}.Release|Any CPU.Build.0 = Release|Any CPU
	EndGlobalSection
	GlobalSection(SolutionProperties) = preSolution
		HideSolutionNode = FALSE
	EndGlobalSection
	GlobalSection(ExtensibilityGlobals) = postSolution
		SolutionGuid = {5684673D-C95E-40BE-8E7C-0C5937F1DB77}
	EndGlobalSection
EndGlobal
